
Microsoft Visual Studio Solution File, Format Version 12.00
# Visual Studio Version 16
VisualStudioVersion = 16.0.31624.102
MinimumVisualStudioVersion = 10.0.40219.1
Project("{FAE04EC0-301F-11D3-BF4B-00C04F79EFBC}") = "EFClassTest", "EFClassTest\EFClassTest.csproj", "{F8D01DCB-B783-4873-9008-BF9BF9A6B109}"
EndProject
Global
	GlobalSection(SolutionConfigurationPlatforms) = preSolution
		Debug|Any CPU = Debug|Any CPU
		Release|Any CPU = Release|Any CPU
	EndGlobalSection
	GlobalSection(ProjectConfigurationPlatforms) = postSolution
		{F8D01DCB-B783-4873-9008-BF9BF9A6B109}.Debug|Any CPU.ActiveCfg = Debug|Any CPU
		{F8D01DCB-B783-4873-9008-BF9BF9A6B109}.Debug|Any CPU.Build.0 = Debug|Any CPU
		{F8D01DCB-B783-4873-9008-BF9BF9A6B109}.Release|Any CPU.ActiveCfg = Release|Any CPU
		{F8D01DCB-B783-4873-9008-BF9BF9A6B109}.Release|Any CPU.Build.0 = Release|Any CPU
	EndGlobalSection
	GlobalSection(SolutionProperties) = preSolution
		HideSolutionNode = FALSE
	EndGlobalSection
	GlobalSection(ExtensibilityGlobals) = postSolution
		SolutionGuid = {12B189B6-1A0A-4436-AF66-6752F2972E6C}
	EndGlobalSection
EndGlobal
